{
  "name": "@mariabitsch/bang",
  "version": "1.1.0",
  "lockfileVersion": 3,
  "requires": true,
  "packages": {
    "": {
      "name": "@mariabitsch/bang",
      "version": "1.1.0",
      "license": "MIT",
      "os": [
        "darwin",
        "linux"
      ],
      "bin": {
        "bang": "bin/bang.js"
      },
      "engines": {
        "node": ">=12"
      }
    }
  }
}
